
Microsoft Visual Studio Solution File, Format Version 12.00
# Visual Studio Version 17
VisualStudioVersion = 17.11.35327.3
MinimumVisualStudioVersion = 10.0.40219.1
Project("{8BC9CEB8-8B4A-11D0-8D11-00A0C91BC942}") = "Server", "Server\Server.vcxproj", "{974C55C1-98BE-4316-8BFA-0578CF6C3122}"
EndProject
Global
	GlobalSection(SolutionConfigurationPlatforms) = preSolution
		Debug|x64 = Debug|x64
		Release|x64 = Release|x64
	EndGlobalSection
	GlobalSection(ProjectConfigurationPlatforms) = postSolution
		{974C55C1-98BE-4316-8BFA-0578CF6C3122}.Debug|x64.ActiveCfg = Debug|x64
		{974C55C1-98BE-4316-8BFA-0578CF6C3122}.Debug|x64.Build.0 = Debug|x64
		{974C55C1-98BE-4316-8BFA-0578CF6C3122}.Release|x64.ActiveCfg = Release|x64
		{974C55C1-98BE-4316-8BFA-0578CF6C3122}.Release|x64.Build.0 = Release|x64
	EndGlobalSection
	GlobalSection(SolutionProperties) = preSolution
		HideSolutionNode = FALSE
	EndGlobalSection
	GlobalSection(ExtensibilityGlobals) = postSolution
		SolutionGuid = {A6F71514-EF0C-403E-8AA9-A4EE9109E7CF}
	EndGlobalSection
EndGlobal
